
Microsoft Visual Studio Solution File, Format Version 12.00
# Visual Studio Version 17
VisualStudioVersion = 17.0.31717.71
MinimumVisualStudioVersion = 10.0.40219.1
Project("{FAE04EC0-301F-11D3-BF4B-00C04F79EFBC}") = "Sezar Şifreleme", "Sezar Şifreleme\Sezar Şifreleme.csproj", "{C1052390-BDF4-49D9-BF02-B4D29B51AD79}"
EndProject
Global
	GlobalSection(SolutionConfigurationPlatforms) = preSolution
		Debug|Any CPU = Debug|Any CPU
		Release|Any CPU = Release|Any CPU
	EndGlobalSection
	GlobalSection(ProjectConfigurationPlatforms) = postSolution
		{C1052390-BDF4-49D9-BF02-B4D29B51AD79}.Debug|Any CPU.ActiveCfg = Debug|Any CPU
		{C1052390-BDF4-49D9-BF02-B4D29B51AD79}.Debug|Any CPU.Build.0 = Debug|Any CPU
		{C1052390-BDF4-49D9-BF02-B4D29B51AD79}.Release|Any CPU.ActiveCfg = Release|Any CPU
		{C1052390-BDF4-49D9-BF02-B4D29B51AD79}.Release|Any CPU.Build.0 = Release|Any CPU
	EndGlobalSection
	GlobalSection(SolutionProperties) = preSolution
		HideSolutionNode = FALSE
	EndGlobalSection
	GlobalSection(ExtensibilityGlobals) = postSolution
		SolutionGuid = {0A1525ED-3F91-45E2-BDEA-F7FEFD9D62E1}
	EndGlobalSection
EndGlobal
